
Microsoft Visual Studio Solution File, Format Version 12.00
# Visual Studio Version 16
VisualStudioVersion = 16.0.30114.105
MinimumVisualStudioVersion = 10.0.40219.1
Project("{2150E333-8FDC-42A3-9474-1A3956D46DE8}") = "src", "src", "{82A8450B-3670-4152-9AC5-800331C82F6C}"
EndProject
Project("{FAE04EC0-301F-11D3-BF4B-00C04F79EFBC}") = "SimpleAPI", "src\SimpleAPI\SimpleAPI.csproj", "{F0292603-7CF4-4087-9171-23FFC9A21ED1}"
EndProject
Project("{2150E333-8FDC-42A3-9474-1A3956D46DE8}") = "Test", "Test", "{A7A520D7-B672-4475-B923-1BAF3BDEDC42}"
EndProject
Project("{FAE04EC0-301F-11D3-BF4B-00C04F79EFBC}") = "SimpleAPI.Test", "Test\SimpleAPI.Test\SimpleAPI.Test.csproj", "{21B17675-338A-47AA-835C-5DFD8EFADD59}"
EndProject
Global
	GlobalSection(SolutionConfigurationPlatforms) = preSolution
		Debug|Any CPU = Debug|Any CPU
		Release|Any CPU = Release|Any CPU
	EndGlobalSection
	GlobalSection(SolutionProperties) = preSolution
		HideSolutionNode = FALSE
	EndGlobalSection
	GlobalSection(ProjectConfigurationPlatforms) = postSolution
		{F0292603-7CF4-4087-9171-23FFC9A21ED1}.Debug|Any CPU.ActiveCfg = Debug|Any CPU
		{F0292603-7CF4-4087-9171-23FFC9A21ED1}.Debug|Any CPU.Build.0 = Debug|Any CPU
		{F0292603-7CF4-4087-9171-23FFC9A21ED1}.Release|Any CPU.ActiveCfg = Release|Any CPU
		{F0292603-7CF4-4087-9171-23FFC9A21ED1}.Release|Any CPU.Build.0 = Release|Any CPU
		{21B17675-338A-47AA-835C-5DFD8EFADD59}.Debug|Any CPU.ActiveCfg = Debug|Any CPU
		{21B17675-338A-47AA-835C-5DFD8EFADD59}.Debug|Any CPU.Build.0 = Debug|Any CPU
		{21B17675-338A-47AA-835C-5DFD8EFADD59}.Release|Any CPU.ActiveCfg = Release|Any CPU
		{21B17675-338A-47AA-835C-5DFD8EFADD59}.Release|Any CPU.Build.0 = Release|Any CPU
	EndGlobalSection
	GlobalSection(NestedProjects) = preSolution
		{F0292603-7CF4-4087-9171-23FFC9A21ED1} = {82A8450B-3670-4152-9AC5-800331C82F6C}
		{21B17675-338A-47AA-835C-5DFD8EFADD59} = {A7A520D7-B672-4475-B923-1BAF3BDEDC42}
	EndGlobalSection
EndGlobal
